
Microsoft Visual Studio Solution File, Format Version 10.00
# Visual Studio 2008
Project("{8BC9CEB8-8B4A-11D0-8D11-00A0C91BC942}") = "UserControl", "UserControl\UserControl.vcproj", "{04697682-7248-4D02-B29E-2693786E94EF}"
EndProject
Global
	GlobalSection(SolutionConfigurationPlatforms) = preSolution
		Debug|Win32 = Debug|Win32
		Release|Win32 = Release|Win32
	EndGlobalSection
	GlobalSection(ProjectConfigurationPlatforms) = postSolution
		{04697682-7248-4D02-B29E-2693786E94EF}.Debug|Win32.ActiveCfg = Debug|Win32
		{04697682-7248-4D02-B29E-2693786E94EF}.Debug|Win32.Build.0 = Debug|Win32
		{04697682-7248-4D02-B29E-2693786E94EF}.Release|Win32.ActiveCfg = Release|Win32
		{04697682-7248-4D02-B29E-2693786E94EF}.Release|Win32.Build.0 = Release|Win32
	EndGlobalSection
	GlobalSection(SolutionProperties) = preSolution
		HideSolutionNode = FALSE
	EndGlobalSection
EndGlobal
